
Microsoft Visual Studio Solution File, Format Version 12.00
# Visual Studio Version 17
VisualStudioVersion = 17.11.35312.102
MinimumVisualStudioVersion = 10.0.40219.1
Project("{FAE04EC0-301F-11D3-BF4B-00C04F79EFBC}") = "LookupDictionaryOptimized", "LookupDictionaryOptimized.csproj", "{81E59C83-EA61-47D2-B2F9-D696D3110B5A}"
EndProject
Global
	GlobalSection(SolutionConfigurationPlatforms) = preSolution
		Debug|Any CPU = Debug|Any CPU
		Release|Any CPU = Release|Any CPU
	EndGlobalSection
	GlobalSection(ProjectConfigurationPlatforms) = postSolution
		{81E59C83-EA61-47D2-B2F9-D696D3110B5A}.Debug|Any CPU.ActiveCfg = Debug|Any CPU
		{81E59C83-EA61-47D2-B2F9-D696D3110B5A}.Debug|Any CPU.Build.0 = Debug|Any CPU
		{81E59C83-EA61-47D2-B2F9-D696D3110B5A}.Release|Any CPU.ActiveCfg = Release|Any CPU
		{81E59C83-EA61-47D2-B2F9-D696D3110B5A}.Release|Any CPU.Build.0 = Release|Any CPU
	EndGlobalSection
	GlobalSection(SolutionProperties) = preSolution
		HideSolutionNode = FALSE
	EndGlobalSection
	GlobalSection(ExtensibilityGlobals) = postSolution
		SolutionGuid = {D629A033-F820-42CD-8394-B729C80065E9}
	EndGlobalSection
EndGlobal
